make_data:
  cmd: python3 make_dataset.py
  deps:
  - path: make_dataset.py
    md5: d700791fac216077c43596a5ea326f74
  outs:
  - path: remote://remote-wfs/rML-raw-data.csv
    md5: 15ae93ba7e913bcad890c2461048a9c9
eval:
  cmd: python3 src/evaluate.py
  deps:
  - path: data/processed/rML-test.csv
    md5: 629a4d0505914f5599bb94be702341b5
    size: 2862132
  - path: general_params.yml
    md5: fd72d874a18159ce4a7855eb23ce4165
    size: 44
  - path: model_params.yml
    md5: 4fd46c838ef321cb00b0032d0f182466
    size: 51
  - path: models
    md5: 99ddeb52ef95a08cb3b472d778a781b9.dir
    size: 870629
    nfiles: 2
  - path: src/evaluate.py
    md5: c0cd2b34bd7d384560d47126b2b878d9
    size: 1672
  outs:
  - path: test_metrics.csv
    md5: 56bff7e7cb3e175bdaeee38d6a661345
    size: 355
preprocessing:
  cmd: python3 src/preprocess.py
  deps:
  - path: data/raw/rML-raw-data.csv
    md5: ce3a47e51025812d0e5d2e5914feadb7
    size: 7361822
  - path: general_params.yml
    md5: fd72d874a18159ce4a7855eb23ce4165
    size: 44
  - path: src/preprocess.py
    md5: 6b1cf3af3a8e62805f8d81f9e1dcd559
    size: 2620
  outs:
  - path: data/processed/rML-test.csv
    md5: 629a4d0505914f5599bb94be702341b5
    size: 2862132
  - path: data/processed/rML-train.csv
    md5: 9b1f377458cc33aaa5b72a63fbb757fe
    size: 8087263
training:
  cmd: python3 src/training.py
  deps:
  - path: data/processed/rML-train.csv
    md5: 9b1f377458cc33aaa5b72a63fbb757fe
    size: 8087263
  - path: general_params.yml
    md5: fd72d874a18159ce4a7855eb23ce4165
    size: 44
  - path: src/model_def.py
    md5: 4edbdbb532413ab24331e9c77043824f
    size: 1995
  - path: src/training.py
    md5: 37d516f8dfba72051906dc502bde441b
    size: 870
  outs:
  - path: models
    md5: 99ddeb52ef95a08cb3b472d778a781b9.dir
    size: 870629
    nfiles: 2
  - path: params.yml
    md5: 2425d4cc306ef245b718ef1179191bf5
    size: 542
  - path: training_metrics.csv
    md5: 5102eace5978ea73cda41e61a639bc62
    size: 360
